// !$*UTF8*$!
{
	archiveVersion = 1;
	classes = {
	};
	objectVersion = 48;
	objects = {

/* Begin PBXBuildFile section */
		1E3930AC1FC5129300390F07 /* AppDelegate.swift in Sources */ = {isa = PBXBuildFile; fileRef = 1E3930AB1FC5129300390F07 /* AppDelegate.swift */; };
		1E3930AE1FC5129300390F07 /* ViewController.swift in Sources */ = {isa = PBXBuildFile; fileRef = 1E3930AD1FC5129300390F07 /* ViewController.swift */; };
		1E3930B11FC5129300390F07 /* Main.storyboard in Resources */ = {isa = PBXBuildFile; fileRef = 1E3930AF1FC5129300390F07 /* Main.storyboard */; };
		1E3930B31FC5129300390F07 /* Assets.xcassets in Resources */ = {isa = PBXBuildFile; fileRef = 1E3930B21FC5129300390F07 /* Assets.xcassets */; };
		1E3930B61FC5129300390F07 /* LaunchScreen.storyboard in Resources */ = {isa = PBXBuildFile; fileRef = 1E3930B41FC5129300390F07 /* LaunchScreen.storyboard */; };
		1E3930C11FC5129400390F07 /* VTCalculatorTests.swift in Sources */ = {isa = PBXBuildFile; fileRef = 1E3930C01FC5129400390F07 /* VTCalculatorTests.swift */; };
		1E3930CC1FC5129400390F07 /* VTCalculatorUITests.swift in Sources */ = {isa = PBXBuildFile; fileRef = 1E3930CB1FC5129400390F07 /* VTCalculatorUITests.swift */; };
/* End PBXBuildFile section */

/* Begin PBXContainerItemProxy section */
		1E3930BD1FC5129300390F07 /* PBXContainerItemProxy */ = {
			isa = PBXContainerItemProxy;
			containerPortal = 1E3930A01FC5129200390F07 /* Project object */;
			proxyType = 1;
			remoteGlobalIDString = 1E3930A71FC5129200390F07;
			remoteInfo = VTCalculator;
		};
		1E3930C81FC5129400390F07 /* PBXContainerItemProxy */ = {
			isa = PBXContainerItemProxy;
			containerPortal = 1E3930A01FC5129200390F07 /* Project object */;
			proxyType = 1;
			remoteGlobalIDString = 1E3930A71FC5129200390F07;
			remoteInfo = VTCalculator;
		};
/* End PBXContainerItemProxy section */

/* Begin PBXFileReference section */
		1E3930A81FC5129300390F07 /* VTCalculator.app */ = {isa = PBXFileReference; explicitFileType = wrapper.application; includeInIndex = 0; path = VTCalculator.app; sourceTree = BUILT_PRODUCTS_DIR; };
		1E3930AB1FC5129300390F07 /* AppDelegate.swift */ = {isa = PBXFileReference; lastKnownFileType = sourcecode.swift; path = AppDelegate.swift; sourceTree = "<group>"; };
		1E3930AD1FC5129300390F07 /* ViewController.swift */ = {isa = PBXFileReference; lastKnownFileType = sourcecode.swift; path = ViewController.swift; sourceTree = "<group>"; };
		1E3930B01FC5129300390F07 /* Base */ = {isa = PBXFileReference; lastKnownFileType = file.storyboard; name = Base; path = Base.lproj/Main.storyboard; sourceTree = "<group>"; };
		1E3930B21FC5129300390F07 /* Assets.xcassets */ = {isa = PBXFileReference; lastKnownFileType = folder.assetcatalog; path = Assets.xcassets; sourceTree = "<group>"; };
		1E3930B51FC5129300390F07 /* Base */ = {isa = PBXFileReference; lastKnownFileType = file.storyboard; name = Base; path = Base.lproj/LaunchScreen.storyboard; sourceTree = "<group>"; };
		1E3930B71FC5129300390F07 /* Info.plist */ = {isa = PBXFileReference; lastKnownFileType = text.plist.xml; path = Info.plist; sourceTree = "<group>"; };
		1E3930BC1FC5129300390F07 /* VTCalculatorTests.xctest */ = {isa = PBXFileReference; explicitFileType = wrapper.cfbundle; includeInIndex = 0; path = VTCalculatorTests.xctest; sourceTree = BUILT_PRODUCTS_DIR; };
		1E3930C01FC5129400390F07 /* VTCalculatorTests.swift */ = {isa = PBXFileReference; lastKnownFileType = sourcecode.swift; path = VTCalculatorTests.swift; sourceTree = "<group>"; };
		1E3930C21FC5129400390F07 /* Info.plist */ = {isa = PBXFileReference; lastKnownFileType = text.plist.xml; path = Info.plist; sourceTree = "<group>"; };
		1E3930C71FC5129400390F07 /* VTCalculatorUITests.xctest */ = {isa = PBXFileReference; explicitFileType = wrapper.cfbundle; includeInIndex = 0; path = VTCalculatorUITests.xctest; sourceTree = BUILT_PRODUCTS_DIR; };
		1E3930CB1FC5129400390F07 /* VTCalculatorUITests.swift */ = {isa = PBXFileReference; lastKnownFileType = sourcecode.swift; path = VTCalculatorUITests.swift; sourceTree = "<group>"; };
		1E3930CD1FC5129400390F07 /* Info.plist */ = {isa = PBXFileReference; lastKnownFileType = text.plist.xml; path = Info.plist; sourceTree = "<group>"; };
/* End PBXFileReference section */

/* Begin PBXFrameworksBuildPhase section */
		1E3930A51FC5129200390F07 /* Frameworks */ = {
			isa = PBXFrameworksBuildPhase;
			buildActionMask = 2147483647;
			files = (
			);
			runOnlyForDeploymentPostprocessing = 0;
		};
		1E3930B91FC5129300390F07 /* Frameworks */ = {
			isa = PBXFrameworksBuildPhase;
			buildActionMask = 2147483647;
			files = (
			);
			runOnlyForDeploymentPostprocessing = 0;
		};
		1E3930C41FC5129400390F07 /* Frameworks */ = {
			isa = PBXFrameworksBuildPhase;
			buildActionMask = 2147483647;
			files = (
			);
			runOnlyForDeploymentPostprocessing = 0;
		};
/* End PBXFrameworksBuildPhase section */

/* Begin PBXGroup section */
		1E39309F1FC5129200390F07 = {
			isa = PBXGroup;
			children = (
				1E3930AA1FC5129300390F07 /* VTCalculator */,
				1E3930BF1FC5129400390F07 /* VTCalculatorTests */,
				1E3930CA1FC5129400390F07 /* VTCalculatorUITests */,
				1E3930A91FC5129300390F07 /* Products */,
			);
			sourceTree = "<group>";
		};
		1E3930A91FC5129300390F07 /* Products */ = {
			isa = PBXGroup;
			children = (
				1E3930A81FC5129300390F07 /* VTCalculator.app */,
				1E3930BC1FC5129300390F07 /* VTCalculatorTests.xctest */,
				1E3930C71FC5129400390F07 /* VTCalculatorUITests.xctest */,
			);
			name = Products;
			sourceTree = "<group>";
		};
		1E3930AA1FC5129300390F07 /* VTCalculator */ = {
			isa = PBXGroup;
			children = (
				1E3930AB1FC5129300390F07 /* AppDelegate.swift */,
				1E3930AD1FC5129300390F07 /* ViewController.swift */,
				1E3930AF1FC5129300390F07 /* Main.storyboard */,
				1E3930B21FC5129300390F07 /* Assets.xcassets */,
				1E3930B41FC5129300390F07 /* LaunchScreen.storyboard */,
				1E3930B71FC5129300390F07 /* Info.plist */,
			);
			path = VTCalculator;
			sourceTree = "<group>";
		};
		1E3930BF1FC5129400390F07 /* VTCalculatorTests */ = {
			isa = PBXGroup;
			children = (
				1E3930C01FC5129400390F07 /* VTCalculatorTests.swift */,
				1E3930C21FC5129400390F07 /* Info.plist */,
			);
			path = VTCalculatorTests;
			sourceTree = "<group>";
		};
		1E3930CA1FC5129400390F07 /* VTCalculatorUITests */ = {
			isa = PBXGroup;
			children = (
				1E3930CB1FC5129400390F07 /* VTCalculatorUITests.swift */,
				1E3930CD1FC5129400390F07 /* Info.plist */,
			);
			path = VTCalculatorUITests;
			sourceTree = "<group>";
		};
/* End PBXGroup section */

/* Begin PBXNativeTarget section */
		1E3930A71FC5129200390F07 /* VTCalculator */ = {
			isa = PBXNativeTarget;
			buildConfigurationList = 1E3930D01FC5129400390F07 /* Build configuration list for PBXNativeTarget "VTCalculator" */;
			buildPhases = (
				1E3930A41FC5129200390F07 /* Sources */,
				1E3930A51FC5129200390F07 /* Frameworks */,
				1E3930A61FC5129200390F07 /* Resources */,
			);
			buildRules = (
			);
			dependencies = (
			);
			name = VTCalculator;
			productName = VTCalculator;
			productReference = 1E3930A81FC5129300390F07 /* VTCalculator.app */;
			productType = "com.apple.product-type.application";
		};
		1E3930BB1FC5129300390F07 /* VTCalculatorTests */ = {
			isa = PBXNativeTarget;
			buildConfigurationList = 1E3930D31FC5129400390F07 /* Build configuration list for PBXNativeTarget "VTCalculatorTests" */;
			buildPhases = (
				1E3930B81FC5129300390F07 /* Sources */,
				1E3930B91FC5129300390F07 /* Frameworks */,
				1E3930BA1FC5129300390F07 /* Resources */,
			);
			buildRules = (
			);
			dependencies = (
				1E3930BE1FC5129300390F07 /* PBXTargetDependency */,
			);
			name = VTCalculatorTests;
			productName = VTCalculatorTests;
			productReference = 1E3930BC1FC5129300390F07 /* VTCalculatorTests.xctest */;
			productType = "com.apple.product-type.bundle.unit-test";
		};
		1E3930C61FC5129400390F07 /* VTCalculatorUITests */ = {
			isa = PBXNativeTarget;
			buildConfigurationList = 1E3930D61FC5129400390F07 /* Build configuration list for PBXNativeTarget "VTCalculatorUITests" */;
			buildPhases = (
				1E3930C31FC5129400390F07 /* Sources */,
				1E3930C41FC5129400390F07 /* Frameworks */,
				1E3930C51FC5129400390F07 /* Resources */,
			);
			buildRules = (
			);
			dependencies = (
				1E3930C91FC5129400390F07 /* PBXTargetDependency */,
			);
			name = VTCalculatorUITests;
			productName = VTCalculatorUITests;
			productReference = 1E3930C71FC5129400390F07 /* VTCalculatorUITests.xctest */;
			productType = "com.apple.product-type.bundle.ui-testing";
		};
/* End PBXNativeTarget section */

/* Begin PBXProject section */
		1E3930A01FC5129200390F07 /* Project object */ = {
			isa = PBXProject;
			attributes = {
				LastSwiftUpdateCheck = 0910;
				LastUpgradeCheck = 0910;
				ORGANIZATIONNAME = "Veeron Ten";
				TargetAttributes = {
					1E3930A71FC5129200390F07 = {
						CreatedOnToolsVersion = 9.1;
						ProvisioningStyle = Automatic;
					};
					1E3930BB1FC5129300390F07 = {
						CreatedOnToolsVersion = 9.1;
						ProvisioningStyle = Automatic;
						TestTargetID = 1E3930A71FC5129200390F07;
					};
					1E3930C61FC5129400390F07 = {
						CreatedOnToolsVersion = 9.1;
						ProvisioningStyle = Automatic;
						TestTargetID = 1E3930A71FC5129200390F07;
					};
				};
			};
			buildConfigurationList = 1E3930A31FC5129200390F07 /* Build configuration list for PBXProject "VTCalculator" */;
			compatibilityVersion = "Xcode 8.0";
			developmentRegion = en;
			hasScannedForEncodings = 0;
			knownRegions = (
				en,
				Base,
			);
			mainGroup = 1E39309F1FC5129200390F07;
			productRefGroup = 1E3930A91FC5129300390F07 /* Products */;
			projectDirPath = "";
			projectRoot = "";
			targets = (
				1E3930A71FC5129200390F07 /* VTCalculator */,
				1E3930BB1FC5129300390F07 /* VTCalculatorTests */,
				1E3930C61FC5129400390F07 /* VTCalculatorUITests */,
			);
		};
/* End PBXProject section */

/* Begin PBXResourcesBuildPhase section */
		1E3930A61FC5129200390F07 /* Resources */ = {
			isa = PBXResourcesBuildPhase;
			buildActionMask = 2147483647;
			files = (
				1E3930B61FC5129300390F07 /* LaunchScreen.storyboard in Resources */,
				1E3930B31FC5129300390F07 /* Assets.xcassets in Resources */,
				1E3930B11FC5129300390F07 /* Main.storyboard in Resources */,
			);
			runOnlyForDeploymentPostprocessing = 0;
		};
		1E3930BA1FC5129300390F07 /* Resources */ = {
			isa = PBXResourcesBuildPhase;
			buildActionMask = 2147483647;
			files = (
			);
			runOnlyForDeploymentPostprocessing = 0;
		};
		1E3930C51FC5129400390F07 /* Resources */ = {
			isa = PBXResourcesBuildPhase;
			buildActionMask = 2147483647;
			files = (
			);
			runOnlyForDeploymentPostprocessing = 0;
		};
/* End PBXResourcesBuildPhase section */

/* Begin PBXSourcesBuildPhase section */
		1E3930A41FC5129200390F07 /* Sources */ = {
			isa = PBXSourcesBuildPhase;
			buildActionMask = 2147483647;
			files = (
				1E3930AE1FC5129300390F07 /* ViewController.swift in Sources */,
				1E3930AC1FC5129300390F07 /* AppDelegate.swift in Sources */,
			);
			runOnlyForDeploymentPostprocessing = 0;
		};
		1E3930B81FC5129300390F07 /* Sources */ = {
			isa = PBXSourcesBuildPhase;
			buildActionMask = 2147483647;
			files = (
				1E3930C11FC5129400390F07 /* VTCalculatorTests.swift in Sources */,
			);
			runOnlyForDeploymentPostprocessing = 0;
		};
		1E3930C31FC5129400390F07 /* Sources */ = {
			isa = PBXSourcesBuildPhase;
			buildActionMask = 2147483647;
			files = (
				1E3930CC1FC5129400390F07 /* VTCalculatorUITests.swift in Sources */,
			);
			runOnlyForDeploymentPostprocessing = 0;
		};
/* End PBXSourcesBuildPhase section */

/* Begin PBXTargetDependency section */
		1E3930BE1FC5129300390F07 /* PBXTargetDependency */ = {
			isa = PBXTargetDependency;
			target = 1E3930A71FC5129200390F07 /* VTCalculator */;
			targetProxy = 1E3930BD1FC5129300390F07 /* PBXContainerItemProxy */;
		};
		1E3930C91FC5129400390F07 /* PBXTargetDependency */ = {
			isa = PBXTargetDependency;
			target = 1E3930A71FC5129200390F07 /* VTCalculator */;
			targetProxy = 1E3930C81FC5129400390F07 /* PBXContainerItemProxy */;
		};
/* End PBXTargetDependency section */

/* Begin PBXVariantGroup section */
		1E3930AF1FC5129300390F07 /* Main.storyboard */ = {
			isa = PBXVariantGroup;
			children = (
				1E3930B01FC5129300390F07 /* Base */,
			);
			name = Main.storyboard;
			sourceTree = "<group>";
		};
		1E3930B41FC5129300390F07 /* LaunchScreen.storyboard */ = {
			isa = PBXVariantGroup;
			children = (
				1E3930B51FC5129300390F07 /* Base */,
			);
			name = LaunchScreen.storyboard;
			sourceTree = "<group>";
		};
/* End PBXVariantGroup section */

/* Begin XCBuildConfiguration section */
		1E3930CE1FC5129400390F07 /* Debug */ = {
			isa = XCBuildConfiguration;
			buildSettings = {
				ALWAYS_SEARCH_USER_PATHS = NO;
				CLANG_ANALYZER_NONNULL = YES;
				CLANG_ANALYZER_NUMBER_OBJECT_CONVERSION = YES_AGGRESSIVE;
				CLANG_CXX_LANGUAGE_STANDARD = "gnu++14";
				CLANG_CXX_LIBRARY = "libc++";
				CLANG_ENABLE_MODULES = YES;
				CLANG_ENABLE_OBJC_ARC = YES;
				CLANG_WARN_BLOCK_CAPTURE_AUTORELEASING = YES;
				CLANG_WARN_BOOL_CONVERSION = YES;
				CLANG_WARN_COMMA = YES;
				CLANG_WARN_CONSTANT_CONVERSION = YES;
				CLANG_WARN_DIRECT_OBJC_ISA_USAGE = YES_ERROR;
				CLANG_WARN_DOCUMENTATION_COMMENTS = YES;
				CLANG_WARN_EMPTY_BODY = YES;
				CLANG_WARN_ENUM_CONVERSION = YES;
				CLANG_WARN_INFINITE_RECURSION = YES;
				CLANG_WARN_INT_CONVERSION = YES;
				CLANG_WARN_NON_LITERAL_NULL_CONVERSION = YES;
				CLANG_WARN_OBJC_LITERAL_CONVERSION = YES;
				CLANG_WARN_OBJC_ROOT_CLASS = YES_ERROR;
				CLANG_WARN_RANGE_LOOP_ANALYSIS = YES;
				CLANG_WARN_STRICT_PROTOTYPES = YES;
				CLANG_WARN_SUSPICIOUS_MOVE = YES;
				CLANG_WARN_UNGUARDED_AVAILABILITY = YES_AGGRESSIVE;
				CLANG_WARN_UNREACHABLE_CODE = YES;
				CLANG_WARN__DUPLICATE_METHOD_MATCH = YES;
				CODE_SIGN_IDENTITY = "iPhone Developer";
				COPY_PHASE_STRIP = NO;
				DEBUG_INFORMATION_FORMAT = dwarf;
				ENABLE_STRICT_OBJC_MSGSEND = YES;
				ENABLE_TESTABILITY = YES;
				GCC_C_LANGUAGE_STANDARD = gnu11;
				GCC_DYNAMIC_NO_PIC = NO;
				GCC_NO_COMMON_BLOCKS = YES;
				GCC_OPTIMIZATION_LEVEL = 0;
				GCC_PREPROCESSOR_DEFINITIONS = (
					"DEBUG=1",
					"$(inherited)",
				);
				GCC_WARN_64_TO_32_BIT_CONVERSION = YES;
				GCC_WARN_ABOUT_RETURN_TYPE = YES_ERROR;
				GCC_WARN_UNDECLARED_SELECTOR = YES;
				GCC_WARN_UNINITIALIZED_AUTOS = YES_AGGRESSIVE;
				GCC_WARN_UNUSED_FUNCTION = YES;
				GCC_WARN_UNUSED_VARIABLE = YES;
				IPHONEOS_DEPLOYMENT_TARGET = 11.1;
				MTL_ENABLE_DEBUG_INFO = YES;
				ONLY_ACTIVE_ARCH = YES;
				SDKROOT = iphoneos;
				SWIFT_ACTIVE_COMPILATION_CONDITIONS = DEBUG;
				SWIFT_OPTIMIZATION_LEVEL = "-Onone";
			};
			name = Debug;
		};
		1E3930CF1FC5129400390F07 /* Release */ = {
			isa = XCBuildConfiguration;
			buildSettings = {
				ALWAYS_SEARCH_USER_PATHS = NO;
				CLANG_ANALYZER_NONNULL = YES;
				CLANG_ANALYZER_NUMBER_OBJECT_CONVERSION = YES_AGGRESSIVE;
				CLANG_CXX_LANGUAGE_STANDARD = "gnu++14";
				CLANG_CXX_LIBRARY = "libc++";
				CLANG_ENABLE_MODULES = YES;
				CLANG_ENABLE_OBJC_ARC = YES;
				CLANG_WARN_BLOCK_CAPTURE_AUTORELEASING = YES;
				CLANG_WARN_BOOL_CONVERSION = YES;
				CLANG_WARN_COMMA = YES;
				CLANG_WARN_CONSTANT_CONVERSION = YES;
				CLANG_WARN_DIRECT_OBJC_ISA_USAGE = YES_ERROR;
				CLANG_WARN_DOCUMENTATION_COMMENTS = YES;
				CLANG_WARN_EMPTY_BODY = YES;
				CLANG_WARN_ENUM_CONVERSION = YES;
				CLANG_WARN_INFINITE_RECURSION = YES;
				CLANG_WARN_INT_CONVERSION = YES;
				CLANG_WARN_NON_LITERAL_NULL_CONVERSION = YES;
				CLANG_WARN_OBJC_LITERAL_CONVERSION = YES;
				CLANG_WARN_OBJC_ROOT_CLASS = YES_ERROR;
				CLANG_WARN_RANGE_LOOP_ANALYSIS = YES;
				CLANG_WARN_STRICT_PROTOTYPES = YES;
				CLANG_WARN_SUSPICIOUS_MOVE = YES;
				CLANG_WARN_UNGUARDED_AVAILABILITY = YES_AGGRESSIVE;
				CLANG_WARN_UNREACHABLE_CODE = YES;
				CLANG_WARN__DUPLICATE_METHOD_MATCH = YES;
				CODE_SIGN_IDENTITY = "iPhone Developer";
				COPY_PHASE_STRIP = NO;
				DEBUG_INFORMATION_FORMAT = "dwarf-with-dsym";
				ENABLE_NS_ASSERTIONS = NO;
				ENABLE_STRICT_OBJC_MSGSEND = YES;
				GCC_C_LANGUAGE_STANDARD = gnu11;
				GCC_NO_COMMON_BLOCKS = YES;
				GCC_WARN_64_TO_32_BIT_CONVERSION = YES;
				GCC_WARN_ABOUT_RETURN_TYPE = YES_ERROR;
				GCC_WARN_UNDECLARED_SELECTOR = YES;
				GCC_WARN_UNINITIALIZED_AUTOS = YES_AGGRESSIVE;
				GCC_WARN_UNUSED_FUNCTION = YES;
				GCC_WARN_UNUSED_VARIABLE = YES;
				IPHONEOS_DEPLOYMENT_TARGET = 11.1;
				MTL_ENABLE_DEBUG_INFO = NO;
				SDKROOT = iphoneos;
				SWIFT_OPTIMIZATION_LEVEL = "-Owholemodule";
				VALIDATE_PRODUCT = YES;
			};
			name = Release;
		};
		1E3930D11FC5129400390F07 /* Debug */ = {
			isa = XCBuildConfiguration;
			buildSettings = {
				ASSETCATALOG_COMPILER_APPICON_NAME = AppIcon;
				CODE_SIGN_STYLE = Automatic;
				INFOPLIST_FILE = VTCalculator/Info.plist;
				LD_RUNPATH_SEARCH_PATHS = "$(inherited) @executable_path/Frameworks";
				PRODUCT_BUNDLE_IDENTIFIER = veeronten.VTCalculator;
				PRODUCT_NAME = "$(TARGET_NAME)";
				SWIFT_VERSION = 4.0;
				TARGETED_DEVICE_FAMILY = "1,2";
			};
			name = Debug;
		};
		1E3930D21FC5129400390F07 /* Release */ = {
			isa = XCBuildConfiguration;
			buildSettings = {
				ASSETCATALOG_COMPILER_APPICON_NAME = AppIcon;
				CODE_SIGN_STYLE = Automatic;
				INFOPLIST_FILE = VTCalculator/Info.plist;
				LD_RUNPATH_SEARCH_PATHS = "$(inherited) @executable_path/Frameworks";
				PRODUCT_BUNDLE_IDENTIFIER = veeronten.VTCalculator;
				PRODUCT_NAME = "$(TARGET_NAME)";
				SWIFT_VERSION = 4.0;
				TARGETED_DEVICE_FAMILY = "1,2";
			};
			name = Release;
		};
		1E3930D41FC5129400390F07 /* Debug */ = {
			isa = XCBuildConfiguration;
			buildSettings = {
				ALWAYS_EMBED_SWIFT_STANDARD_LIBRARIES = YES;
				BUNDLE_LOADER = "$(TEST_HOST)";
				CODE_SIGN_STYLE = Automatic;
				INFOPLIST_FILE = VTCalculatorTests/Info.plist;
				LD_RUNPATH_SEARCH_PATHS = "$(inherited) @executable_path/Frameworks @loader_path/Frameworks";
				PRODUCT_BUNDLE_IDENTIFIER = veeronten.VTCalculatorTests;
				PRODUCT_NAME = "$(TARGET_NAME)";
				SWIFT_VERSION = 4.0;
				TARGETED_DEVICE_FAMILY = "1,2";
				TEST_HOST = "$(BUILT_PRODUCTS_DIR)/VTCalculator.app/VTCalculator";
			};
			name = Debug;
		};
		1E3930D51FC5129400390F07 /* Release */ = {
			isa = XCBuildConfiguration;
			buildSettings = {
				ALWAYS_EMBED_SWIFT_STANDARD_LIBRARIES = YES;
				BUNDLE_LOADER = "$(TEST_HOST)";
				CODE_SIGN_STYLE = Automatic;
				INFOPLIST_FILE = VTCalculatorTests/Info.plist;
				LD_RUNPATH_SEARCH_PATHS = "$(inherited) @executable_path/Frameworks @loader_path/Frameworks";
				PRODUCT_BUNDLE_IDENTIFIER = veeronten.VTCalculatorTests;
				PRODUCT_NAME = "$(TARGET_NAME)";
				SWIFT_VERSION = 4.0;
				TARGETED_DEVICE_FAMILY = "1,2";
				TEST_HOST = "$(BUILT_PRODUCTS_DIR)/VTCalculator.app/VTCalculator";
			};
			name = Release;
		};
		1E3930D71FC5129400390F07 /* Debug */ = {
			isa = XCBuildConfiguration;
			buildSettings = {
				ALWAYS_EMBED_SWIFT_STANDARD_LIBRARIES = YES;
				CODE_SIGN_STYLE = Automatic;
				INFOPLIST_FILE = VTCalculatorUITests/Info.plist;
				LD_RUNPATH_SEARCH_PATHS = "$(inherited) @executable_path/Frameworks @loader_path/Frameworks";
				PRODUCT_BUNDLE_IDENTIFIER = veeronten.VTCalculatorUITests;
				PRODUCT_NAME = "$(TARGET_NAME)";
				SWIFT_VERSION = 4.0;
				TARGETED_DEVICE_FAMILY = "1,2";
				TEST_TARGET_NAME = VTCalculator;
			};
			name = Debug;
		};
		1E3930D81FC5129400390F07 /* Release */ = {
			isa = XCBuildConfiguration;
			buildSettings = {
				ALWAYS_EMBED_SWIFT_STANDARD_LIBRARIES = YES;
				CODE_SIGN_STYLE = Automatic;
				INFOPLIST_FILE = VTCalculatorUITests/Info.plist;
				LD_RUNPATH_SEARCH_PATHS = "$(inherited) @executable_path/Frameworks @loader_path/Frameworks";
				PRODUCT_BUNDLE_IDENTIFIER = veeronten.VTCalculatorUITests;
				PRODUCT_NAME = "$(TARGET_NAME)";
				SWIFT_VERSION = 4.0;
				TARGETED_DEVICE_FAMILY = "1,2";
				TEST_TARGET_NAME = VTCalculator;
			};
			name = Release;
		};
/* End XCBuildConfiguration section */

/* Begin XCConfigurationList section */
		1E3930A31FC5129200390F07 /* Build configuration list for PBXProject "VTCalculator" */ = {
			isa = XCConfigurationList;
			buildConfigurations = (
				1E3930CE1FC5129400390F07 /* Debug */,
				1E3930CF1FC5129400390F07 /* Release */,
			);
			defaultConfigurationIsVisible = 0;
			defaultConfigurationName = Release;
		};
		1E3930D01FC5129400390F07 /* Build configuration list for PBXNativeTarget "VTCalculator" */ = {
			isa = XCConfigurationList;
			buildConfigurations = (
				1E3930D11FC5129400390F07 /* Debug */,
				1E3930D21FC5129400390F07 /* Release */,
			);
			defaultConfigurationIsVisible = 0;
			defaultConfigurationName = Release;
		};
		1E3930D31FC5129400390F07 /* Build configuration list for PBXNativeTarget "VTCalculatorTests" */ = {
			isa = XCConfigurationList;
			buildConfigurations = (
				1E3930D41FC5129400390F07 /* Debug */,
				1E3930D51FC5129400390F07 /* Release */,
			);
			defaultConfigurationIsVisible = 0;
			defaultConfigurationName = Release;
		};
		1E3930D61FC5129400390F07 /* Build configuration list for PBXNativeTarget "VTCalculatorUITests" */ = {
			isa = XCConfigurationList;
			buildConfigurations = (
				1E3930D71FC5129400390F07 /* Debug */,
				1E3930D81FC5129400390F07 /* Release */,
			);
			defaultConfigurationIsVisible = 0;
			defaultConfigurationName = Release;
		};
/* End XCConfigurationList section */
	};
	rootObject = 1E3930A01FC5129200390F07 /* Project object */;
}
